
Microsoft Visual Studio Solution File, Format Version 12.00
# Visual Studio Version 17
VisualStudioVersion = 17.2.32519.379
MinimumVisualStudioVersion = 10.0.40219.1
Project("{FAE04EC0-301F-11D3-BF4B-00C04F79EFBC}") = "BulletHell_CPTS587", "BulletHell_CPTS587\BulletHell_CPTS587.csproj", "{1E0C3D20-9DA7-49A0-807E-DC3F5472EC3E}"
EndProject
Global
	GlobalSection(SolutionConfigurationPlatforms) = preSolution
		Debug|Any CPU = Debug|Any CPU
		Release|Any CPU = Release|Any CPU
	EndGlobalSection
	GlobalSection(ProjectConfigurationPlatforms) = postSolution
		{1E0C3D20-9DA7-49A0-807E-DC3F5472EC3E}.Debug|Any CPU.ActiveCfg = Debug|Any CPU
		{1E0C3D20-9DA7-49A0-807E-DC3F5472EC3E}.Debug|Any CPU.Build.0 = Debug|Any CPU
		{1E0C3D20-9DA7-49A0-807E-DC3F5472EC3E}.Release|Any CPU.ActiveCfg = Release|Any CPU
		{1E0C3D20-9DA7-49A0-807E-DC3F5472EC3E}.Release|Any CPU.Build.0 = Release|Any CPU
	EndGlobalSection
	GlobalSection(SolutionProperties) = preSolution
		HideSolutionNode = FALSE
	EndGlobalSection
	GlobalSection(ExtensibilityGlobals) = postSolution
		SolutionGuid = {1D3A4D0A-9675-4F3D-96F0-AA0D43A0BE46}
	EndGlobalSection
EndGlobal
